// !$*UTF8*$!
{
	archiveVersion = 1;
	classes = {
	};
	objectVersion = 50;
	objects = {

/* Begin PBXBuildFile section */
		7B05E1F624715A4200A715FE /* AppDelegate.swift in Sources */ = {isa = PBXBuildFile; fileRef = 7B05E1F524715A4200A715FE /* AppDelegate.swift */; };
		7B05E1F824715A4200A715FE /* SceneDelegate.swift in Sources */ = {isa = PBXBuildFile; fileRef = 7B05E1F724715A4200A715FE /* SceneDelegate.swift */; };
		7B05E1FA24715A4200A715FE /* ViewController.swift in Sources */ = {isa = PBXBuildFile; fileRef = 7B05E1F924715A4200A715FE /* ViewController.swift */; };
		7B05E1FD24715A4200A715FE /* Main.storyboard in Resources */ = {isa = PBXBuildFile; fileRef = 7B05E1FB24715A4200A715FE /* Main.storyboard */; };
		7B05E1FF24715A4400A715FE /* Assets.xcassets in Resources */ = {isa = PBXBuildFile; fileRef = 7B05E1FE24715A4400A715FE /* Assets.xcassets */; };
		7B05E20224715A4400A715FE /* LaunchScreen.storyboard in Resources */ = {isa = PBXBuildFile; fileRef = 7B05E20024715A4400A715FE /* LaunchScreen.storyboard */; };
		7B05E20D24715A4400A715FE /* iosTests.swift in Sources */ = {isa = PBXBuildFile; fileRef = 7B05E20C24715A4400A715FE /* iosTests.swift */; };
		B81265C6E8B886EBE83D6B15 /* Pods_ios.framework in Frameworks */ = {isa = PBXBuildFile; fileRef = 125876D1A95421E9CD60D31E /* Pods_ios.framework */; };
/* End PBXBuildFile section */

/* Begin PBXContainerItemProxy section */
		7B05E20924715A4400A715FE /* PBXContainerItemProxy */ = {
			isa = PBXContainerItemProxy;
			containerPortal = 7B05E1EA24715A4200A715FE /* Project object */;
			proxyType = 1;
			remoteGlobalIDString = 7B05E1F124715A4200A715FE;
			remoteInfo = ios;
		};
/* End PBXContainerItemProxy section */

/* Begin PBXFileReference section */
		0F5DE50D1889BCD67446C526 /* Pods-ios.release.xcconfig */ = {isa = PBXFileReference; includeInIndex = 1; lastKnownFileType = text.xcconfig; name = "Pods-ios.release.xcconfig"; path = "Target Support Files/Pods-ios/Pods-ios.release.xcconfig"; sourceTree = "<group>"; };
		125876D1A95421E9CD60D31E /* Pods_ios.framework */ = {isa = PBXFileReference; explicitFileType = wrapper.framework; includeInIndex = 0; path = Pods_ios.framework; sourceTree = BUILT_PRODUCTS_DIR; };
		7B05E1F224715A4200A715FE /* ios.app */ = {isa = PBXFileReference; explicitFileType = wrapper.application; includeInIndex = 0; path = ios.app; sourceTree = BUILT_PRODUCTS_DIR; };
		7B05E1F524715A4200A715FE /* AppDelegate.swift */ = {isa = PBXFileReference; lastKnownFileType = sourcecode.swift; path = AppDelegate.swift; sourceTree = "<group>"; };
		7B05E1F724715A4200A715FE /* SceneDelegate.swift */ = {isa = PBXFileReference; lastKnownFileType = sourcecode.swift; path = SceneDelegate.swift; sourceTree = "<group>"; };
		7B05E1F924715A4200A715FE /* ViewController.swift */ = {isa = PBXFileReference; lastKnownFileType = sourcecode.swift; path = ViewController.swift; sourceTree = "<group>"; };
		7B05E1FC24715A4200A715FE /* Base */ = {isa = PBXFileReference; lastKnownFileType = file.storyboard; name = Base; path = Base.lproj/Main.storyboard; sourceTree = "<group>"; };
		7B05E1FE24715A4400A715FE /* Assets.xcassets */ = {isa = PBXFileReference; lastKnownFileType = folder.assetcatalog; path = Assets.xcassets; sourceTree = "<group>"; };
		7B05E20124715A4400A715FE /* Base */ = {isa = PBXFileReference; lastKnownFileType = file.storyboard; name = Base; path = Base.lproj/LaunchScreen.storyboard; sourceTree = "<group>"; };
		7B05E20324715A4400A715FE /* Info.plist */ = {isa = PBXFileReference; lastKnownFileType = text.plist.xml; path = Info.plist; sourceTree = "<group>"; };
		7B05E20824715A4400A715FE /* iosTests.xctest */ = {isa = PBXFileReference; explicitFileType = wrapper.cfbundle; includeInIndex = 0; path = iosTests.xctest; sourceTree = BUILT_PRODUCTS_DIR; };
		7B05E20C24715A4400A715FE /* iosTests.swift */ = {isa = PBXFileReference; lastKnownFileType = sourcecode.swift; path = iosTests.swift; sourceTree = "<group>"; };
		7B05E20E24715A4400A715FE /* Info.plist */ = {isa = PBXFileReference; lastKnownFileType = text.plist.xml; path = Info.plist; sourceTree = "<group>"; };
		FFEB717D5CF6EB6917B2B672 /* Pods-ios.debug.xcconfig */ = {isa = PBXFileReference; includeInIndex = 1; lastKnownFileType = text.xcconfig; name = "Pods-ios.debug.xcconfig"; path = "Target Support Files/Pods-ios/Pods-ios.debug.xcconfig"; sourceTree = "<group>"; };
/* End PBXFileReference section */

/* Begin PBXFrameworksBuildPhase section */
		7B05E1EF24715A4200A715FE /* Frameworks */ = {
			isa = PBXFrameworksBuildPhase;
			buildActionMask = 2147483647;
			files = (
				B81265C6E8B886EBE83D6B15 /* Pods_ios.framework in Frameworks */,
			);
			runOnlyForDeploymentPostprocessing = 0;
		};
		7B05E20524715A4400A715FE /* Frameworks */ = {
			isa = PBXFrameworksBuildPhase;
			buildActionMask = 2147483647;
			files = (
			);
			runOnlyForDeploymentPostprocessing = 0;
		};
/* End PBXFrameworksBuildPhase section */

/* Begin PBXGroup section */
		152EEB94EA932B9FE6EE4250 /* Pods */ = {
			isa = PBXGroup;
			children = (
				FFEB717D5CF6EB6917B2B672 /* Pods-ios.debug.xcconfig */,
				0F5DE50D1889BCD67446C526 /* Pods-ios.release.xcconfig */,
			);
			name = Pods;
			path = Pods;
			sourceTree = "<group>";
		};
		73F5451DFDCF102462578917 /* Frameworks */ = {
			isa = PBXGroup;
			children = (
				125876D1A95421E9CD60D31E /* Pods_ios.framework */,
			);
			name = Frameworks;
			sourceTree = "<group>";
		};
		7B05E1E924715A4200A715FE = {
			isa = PBXGroup;
			children = (
				7B05E1F424715A4200A715FE /* ios */,
				7B05E20B24715A4400A715FE /* iosTests */,
				7B05E1F324715A4200A715FE /* Products */,
				152EEB94EA932B9FE6EE4250 /* Pods */,
				73F5451DFDCF102462578917 /* Frameworks */,
			);
			sourceTree = "<group>";
		};
		7B05E1F324715A4200A715FE /* Products */ = {
			isa = PBXGroup;
			children = (
				7B05E1F224715A4200A715FE /* ios.app */,
				7B05E20824715A4400A715FE /* iosTests.xctest */,
			);
			name = Products;
			sourceTree = "<group>";
		};
		7B05E1F424715A4200A715FE /* ios */ = {
			isa = PBXGroup;
			children = (
				7B05E1F524715A4200A715FE /* AppDelegate.swift */,
				7B05E1F724715A4200A715FE /* SceneDelegate.swift */,
				7B05E1F924715A4200A715FE /* ViewController.swift */,
				7B05E1FB24715A4200A715FE /* Main.storyboard */,
				7B05E1FE24715A4400A715FE /* Assets.xcassets */,
				7B05E20024715A4400A715FE /* LaunchScreen.storyboard */,
				7B05E20324715A4400A715FE /* Info.plist */,
			);
			path = ios;
			sourceTree = "<group>";
		};
		7B05E20B24715A4400A715FE /* iosTests */ = {
			isa = PBXGroup;
			children = (
				7B05E20C24715A4400A715FE /* iosTests.swift */,
				7B05E20E24715A4400A715FE /* Info.plist */,
			);
			path = iosTests;
			sourceTree = "<group>";
		};
/* End PBXGroup section */

/* Begin PBXNativeTarget section */
		7B05E1F124715A4200A715FE /* ios */ = {
			isa = PBXNativeTarget;
			buildConfigurationList = 7B05E21124715A4400A715FE /* Build configuration list for PBXNativeTarget "ios" */;
			buildPhases = (
				232672BD3C17333306BD26CD /* [CP] Check Pods Manifest.lock */,
				7B05E1EE24715A4200A715FE /* Sources */,
				7B05E1EF24715A4200A715FE /* Frameworks */,
				7B05E1F024715A4200A715FE /* Resources */,
			);
			buildRules = (
			);
			dependencies = (
			);
			name = ios;
			productName = ios;
			productReference = 7B05E1F224715A4200A715FE /* ios.app */;
			productType = "com.apple.product-type.application";
		};
		7B05E20724715A4400A715FE /* iosTests */ = {
			isa = PBXNativeTarget;
			buildConfigurationList = 7B05E21424715A4400A715FE /* Build configuration list for PBXNativeTarget "iosTests" */;
			buildPhases = (
				7B05E20424715A4400A715FE /* Sources */,
				7B05E20524715A4400A715FE /* Frameworks */,
				7B05E20624715A4400A715FE /* Resources */,
			);
			buildRules = (
			);
			dependencies = (
				7B05E20A24715A4400A715FE /* PBXTargetDependency */,
			);
			name = iosTests;
			productName = iosTests;
			productReference = 7B05E20824715A4400A715FE /* iosTests.xctest */;
			productType = "com.apple.product-type.bundle.unit-test";
		};
/* End PBXNativeTarget section */

/* Begin PBXProject section */
		7B05E1EA24715A4200A715FE /* Project object */ = {
			isa = PBXProject;
			attributes = {
				LastSwiftUpdateCheck = 1140;
				LastUpgradeCheck = 1140;
				ORGANIZATIONNAME = "Jan Stoltman";
				TargetAttributes = {
					7B05E1F124715A4200A715FE = {
						CreatedOnToolsVersion = 11.4.1;
					};
					7B05E20724715A4400A715FE = {
						CreatedOnToolsVersion = 11.4.1;
						TestTargetID = 7B05E1F124715A4200A715FE;
					};
				};
			};
			buildConfigurationList = 7B05E1ED24715A4200A715FE /* Build configuration list for PBXProject "ios" */;
			compatibilityVersion = "Xcode 9.3";
			developmentRegion = en;
			hasScannedForEncodings = 0;
			knownRegions = (
				en,
				Base,
			);
			mainGroup = 7B05E1E924715A4200A715FE;
			productRefGroup = 7B05E1F324715A4200A715FE /* Products */;
			projectDirPath = "";
			projectRoot = "";
			targets = (
				7B05E1F124715A4200A715FE /* ios */,
				7B05E20724715A4400A715FE /* iosTests */,
			);
		};
/* End PBXProject section */

/* Begin PBXResourcesBuildPhase section */
		7B05E1F024715A4200A715FE /* Resources */ = {
			isa = PBXResourcesBuildPhase;
			buildActionMask = 2147483647;
			files = (
				7B05E20224715A4400A715FE /* LaunchScreen.storyboard in Resources */,
				7B05E1FF24715A4400A715FE /* Assets.xcassets in Resources */,
				7B05E1FD24715A4200A715FE /* Main.storyboard in Resources */,
			);
			runOnlyForDeploymentPostprocessing = 0;
		};
		7B05E20624715A4400A715FE /* Resources */ = {
			isa = PBXResourcesBuildPhase;
			buildActionMask = 2147483647;
			files = (
			);
			runOnlyForDeploymentPostprocessing = 0;
		};
/* End PBXResourcesBuildPhase section */

/* Begin PBXShellScriptBuildPhase section */
		232672BD3C17333306BD26CD /* [CP] Check Pods Manifest.lock */ = {
			isa = PBXShellScriptBuildPhase;
			buildActionMask = 2147483647;
			files = (
			);
			inputFileListPaths = (
			);
			inputPaths = (
				"${PODS_PODFILE_DIR_PATH}/Podfile.lock",
				"${PODS_ROOT}/Manifest.lock",
			);
			name = "[CP] Check Pods Manifest.lock";
			outputFileListPaths = (
			);
			outputPaths = (
				"$(DERIVED_FILE_DIR)/Pods-ios-checkManifestLockResult.txt",
			);
			runOnlyForDeploymentPostprocessing = 0;
			shellPath = /bin/sh;
			shellScript = "diff \"${PODS_PODFILE_DIR_PATH}/Podfile.lock\" \"${PODS_ROOT}/Manifest.lock\" > /dev/null\nif [ $? != 0 ] ; then\n    # print error to STDERR\n    echo \"error: The sandbox is not in sync with the Podfile.lock. Run 'pod install' or update your CocoaPods installation.\" >&2\n    exit 1\nfi\n# This output is used by Xcode 'outputs' to avoid re-running this script phase.\necho \"SUCCESS\" > \"${SCRIPT_OUTPUT_FILE_0}\"\n";
			showEnvVarsInLog = 0;
		};
/* End PBXShellScriptBuildPhase section */

/* Begin PBXSourcesBuildPhase section */
		7B05E1EE24715A4200A715FE /* Sources */ = {
			isa = PBXSourcesBuildPhase;
			buildActionMask = 2147483647;
			files = (
				7B05E1FA24715A4200A715FE /* ViewController.swift in Sources */,
				7B05E1F624715A4200A715FE /* AppDelegate.swift in Sources */,
				7B05E1F824715A4200A715FE /* SceneDelegate.swift in Sources */,
			);
			runOnlyForDeploymentPostprocessing = 0;
		};
		7B05E20424715A4400A715FE /* Sources */ = {
			isa = PBXSourcesBuildPhase;
			buildActionMask = 2147483647;
			files = (
				7B05E20D24715A4400A715FE /* iosTests.swift in Sources */,
			);
			runOnlyForDeploymentPostprocessing = 0;
		};
/* End PBXSourcesBuildPhase section */

/* Begin PBXTargetDependency section */
		7B05E20A24715A4400A715FE /* PBXTargetDependency */ = {
			isa = PBXTargetDependency;
			target = 7B05E1F124715A4200A715FE /* ios */;
			targetProxy = 7B05E20924715A4400A715FE /* PBXContainerItemProxy */;
		};
/* End PBXTargetDependency section */

/* Begin PBXVariantGroup section */
		7B05E1FB24715A4200A715FE /* Main.storyboard */ = {
			isa = PBXVariantGroup;
			children = (
				7B05E1FC24715A4200A715FE /* Base */,
			);
			name = Main.storyboard;
			sourceTree = "<group>";
		};
		7B05E20024715A4400A715FE /* LaunchScreen.storyboard */ = {
			isa = PBXVariantGroup;
			children = (
				7B05E20124715A4400A715FE /* Base */,
			);
			name = LaunchScreen.storyboard;
			sourceTree = "<group>";
		};
/* End PBXVariantGroup section */

/* Begin XCBuildConfiguration section */
		7B05E20F24715A4400A715FE /* Debug */ = {
			isa = XCBuildConfiguration;
			buildSettings = {
				ALWAYS_SEARCH_USER_PATHS = NO;
				CLANG_ANALYZER_NONNULL = YES;
				CLANG_ANALYZER_NUMBER_OBJECT_CONVERSION = YES_AGGRESSIVE;
				CLANG_CXX_LANGUAGE_STANDARD = "gnu++14";
				CLANG_CXX_LIBRARY = "libc++";
				CLANG_ENABLE_MODULES = YES;
				CLANG_ENABLE_OBJC_ARC = YES;
				CLANG_ENABLE_OBJC_WEAK = YES;
				CLANG_WARN_BLOCK_CAPTURE_AUTORELEASING = YES;
				CLANG_WARN_BOOL_CONVERSION = YES;
				CLANG_WARN_COMMA = YES;
				CLANG_WARN_CONSTANT_CONVERSION = YES;
				CLANG_WARN_DEPRECATED_OBJC_IMPLEMENTATIONS = YES;
				CLANG_WARN_DIRECT_OBJC_ISA_USAGE = YES_ERROR;
				CLANG_WARN_DOCUMENTATION_COMMENTS = YES;
				CLANG_WARN_EMPTY_BODY = YES;
				CLANG_WARN_ENUM_CONVERSION = YES;
				CLANG_WARN_INFINITE_RECURSION = YES;
				CLANG_WARN_INT_CONVERSION = YES;
				CLANG_WARN_NON_LITERAL_NULL_CONVERSION = YES;
				CLANG_WARN_OBJC_IMPLICIT_RETAIN_SELF = YES;
				CLANG_WARN_OBJC_LITERAL_CONVERSION = YES;
				CLANG_WARN_OBJC_ROOT_CLASS = YES_ERROR;
				CLANG_WARN_RANGE_LOOP_ANALYSIS = YES;
				CLANG_WARN_STRICT_PROTOTYPES = YES;
				CLANG_WARN_SUSPICIOUS_MOVE = YES;
				CLANG_WARN_UNGUARDED_AVAILABILITY = YES_AGGRESSIVE;
				CLANG_WARN_UNREACHABLE_CODE = YES;
				CLANG_WARN__DUPLICATE_METHOD_MATCH = YES;
				COPY_PHASE_STRIP = NO;
				DEBUG_INFORMATION_FORMAT = dwarf;
				ENABLE_STRICT_OBJC_MSGSEND = YES;
				ENABLE_TESTABILITY = YES;
				GCC_C_LANGUAGE_STANDARD = gnu11;
				GCC_DYNAMIC_NO_PIC = NO;
				GCC_NO_COMMON_BLOCKS = YES;
				GCC_OPTIMIZATION_LEVEL = 0;
				GCC_PREPROCESSOR_DEFINITIONS = (
					"DEBUG=1",
					"$(inherited)",
				);
				GCC_WARN_64_TO_32_BIT_CONVERSION = YES;
				GCC_WARN_ABOUT_RETURN_TYPE = YES_ERROR;
				GCC_WARN_UNDECLARED_SELECTOR = YES;
				GCC_WARN_UNINITIALIZED_AUTOS = YES_AGGRESSIVE;
				GCC_WARN_UNUSED_FUNCTION = YES;
				GCC_WARN_UNUSED_VARIABLE = YES;
				IPHONEOS_DEPLOYMENT_TARGET = 13.4;
				MTL_ENABLE_DEBUG_INFO = INCLUDE_SOURCE;
				MTL_FAST_MATH = YES;
				ONLY_ACTIVE_ARCH = YES;
				SDKROOT = iphoneos;
				SWIFT_ACTIVE_COMPILATION_CONDITIONS = DEBUG;
				SWIFT_OPTIMIZATION_LEVEL = "-Onone";
			};
			name = Debug;
		};
		7B05E21024715A4400A715FE /* Release */ = {
			isa = XCBuildConfiguration;
			buildSettings = {
				ALWAYS_SEARCH_USER_PATHS = NO;
				CLANG_ANALYZER_NONNULL = YES;
				CLANG_ANALYZER_NUMBER_OBJECT_CONVERSION = YES_AGGRESSIVE;
				CLANG_CXX_LANGUAGE_STANDARD = "gnu++14";
				CLANG_CXX_LIBRARY = "libc++";
				CLANG_ENABLE_MODULES = YES;
				CLANG_ENABLE_OBJC_ARC = YES;
				CLANG_ENABLE_OBJC_WEAK = YES;
				CLANG_WARN_BLOCK_CAPTURE_AUTORELEASING = YES;
				CLANG_WARN_BOOL_CONVERSION = YES;
				CLANG_WARN_COMMA = YES;
				CLANG_WARN_CONSTANT_CONVERSION = YES;
				CLANG_WARN_DEPRECATED_OBJC_IMPLEMENTATIONS = YES;
				CLANG_WARN_DIRECT_OBJC_ISA_USAGE = YES_ERROR;
				CLANG_WARN_DOCUMENTATION_COMMENTS = YES;
				CLANG_WARN_EMPTY_BODY = YES;
				CLANG_WARN_ENUM_CONVERSION = YES;
				CLANG_WARN_INFINITE_RECURSION = YES;
				CLANG_WARN_INT_CONVERSION = YES;
				CLANG_WARN_NON_LITERAL_NULL_CONVERSION = YES;
				CLANG_WARN_OBJC_IMPLICIT_RETAIN_SELF = YES;
				CLANG_WARN_OBJC_LITERAL_CONVERSION = YES;
				CLANG_WARN_OBJC_ROOT_CLASS = YES_ERROR;
				CLANG_WARN_RANGE_LOOP_ANALYSIS = YES;
				CLANG_WARN_STRICT_PROTOTYPES = YES;
				CLANG_WARN_SUSPICIOUS_MOVE = YES;
				CLANG_WARN_UNGUARDED_AVAILABILITY = YES_AGGRESSIVE;
				CLANG_WARN_UNREACHABLE_CODE = YES;
				CLANG_WARN__DUPLICATE_METHOD_MATCH = YES;
				COPY_PHASE_STRIP = NO;
				DEBUG_INFORMATION_FORMAT = "dwarf-with-dsym";
				ENABLE_NS_ASSERTIONS = NO;
				ENABLE_STRICT_OBJC_MSGSEND = YES;
				GCC_C_LANGUAGE_STANDARD = gnu11;
				GCC_NO_COMMON_BLOCKS = YES;
				GCC_WARN_64_TO_32_BIT_CONVERSION = YES;
				GCC_WARN_ABOUT_RETURN_TYPE = YES_ERROR;
				GCC_WARN_UNDECLARED_SELECTOR = YES;
				GCC_WARN_UNINITIALIZED_AUTOS = YES_AGGRESSIVE;
				GCC_WARN_UNUSED_FUNCTION = YES;
				GCC_WARN_UNUSED_VARIABLE = YES;
				IPHONEOS_DEPLOYMENT_TARGET = 13.4;
				MTL_ENABLE_DEBUG_INFO = NO;
				MTL_FAST_MATH = YES;
				SDKROOT = iphoneos;
				SWIFT_COMPILATION_MODE = wholemodule;
				SWIFT_OPTIMIZATION_LEVEL = "-O";
				VALIDATE_PRODUCT = YES;
			};
			name = Release;
		};
		7B05E21224715A4400A715FE /* Debug */ = {
			isa = XCBuildConfiguration;
			baseConfigurationReference = FFEB717D5CF6EB6917B2B672 /* Pods-ios.debug.xcconfig */;
			buildSettings = {
				ASSETCATALOG_COMPILER_APPICON_NAME = AppIcon;
				CODE_SIGN_STYLE = Automatic;
				INFOPLIST_FILE = ios/Info.plist;
				LD_RUNPATH_SEARCH_PATHS = (
					"$(inherited)",
					"@executable_path/Frameworks",
				);
				PRODUCT_BUNDLE_IDENTIFIER = com.example.ios;
				PRODUCT_NAME = "$(TARGET_NAME)";
				SWIFT_VERSION = 5.0;
				TARGETED_DEVICE_FAMILY = "1,2";
			};
			name = Debug;
		};
		7B05E21324715A4400A715FE /* Release */ = {
			isa = XCBuildConfiguration;
			baseConfigurationReference = 0F5DE50D1889BCD67446C526 /* Pods-ios.release.xcconfig */;
			buildSettings = {
				ASSETCATALOG_COMPILER_APPICON_NAME = AppIcon;
				CODE_SIGN_STYLE = Automatic;
				INFOPLIST_FILE = ios/Info.plist;
				LD_RUNPATH_SEARCH_PATHS = (
					"$(inherited)",
					"@executable_path/Frameworks",
				);
				PRODUCT_BUNDLE_IDENTIFIER = com.example.ios;
				PRODUCT_NAME = "$(TARGET_NAME)";
				SWIFT_VERSION = 5.0;
				TARGETED_DEVICE_FAMILY = "1,2";
			};
			name = Release;
		};
		7B05E21524715A4400A715FE /* Debug */ = {
			isa = XCBuildConfiguration;
			buildSettings = {
				ALWAYS_EMBED_SWIFT_STANDARD_LIBRARIES = YES;
				BUNDLE_LOADER = "$(TEST_HOST)";
				CODE_SIGN_STYLE = Automatic;
				INFOPLIST_FILE = iosTests/Info.plist;
				IPHONEOS_DEPLOYMENT_TARGET = 13.4;
				LD_RUNPATH_SEARCH_PATHS = (
					"$(inherited)",
					"@executable_path/Frameworks",
					"@loader_path/Frameworks",
				);
				PRODUCT_BUNDLE_IDENTIFIER = com.example.iosTests;
				PRODUCT_NAME = "$(TARGET_NAME)";
				SWIFT_VERSION = 5.0;
				TARGETED_DEVICE_FAMILY = "1,2";
				TEST_HOST = "$(BUILT_PRODUCTS_DIR)/ios.app/ios";
			};
			name = Debug;
		};
		7B05E21624715A4400A715FE /* Release */ = {
			isa = XCBuildConfiguration;
			buildSettings = {
				ALWAYS_EMBED_SWIFT_STANDARD_LIBRARIES = YES;
				BUNDLE_LOADER = "$(TEST_HOST)";
				CODE_SIGN_STYLE = Automatic;
				INFOPLIST_FILE = iosTests/Info.plist;
				IPHONEOS_DEPLOYMENT_TARGET = 13.4;
				LD_RUNPATH_SEARCH_PATHS = (
					"$(inherited)",
					"@executable_path/Frameworks",
					"@loader_path/Frameworks",
				);
				PRODUCT_BUNDLE_IDENTIFIER = com.example.iosTests;
				PRODUCT_NAME = "$(TARGET_NAME)";
				SWIFT_VERSION = 5.0;
				TARGETED_DEVICE_FAMILY = "1,2";
				TEST_HOST = "$(BUILT_PRODUCTS_DIR)/ios.app/ios";
			};
			name = Release;
		};
/* End XCBuildConfiguration section */

/* Begin XCConfigurationList section */
		7B05E1ED24715A4200A715FE /* Build configuration list for PBXProject "ios" */ = {
			isa = XCConfigurationList;
			buildConfigurations = (
				7B05E20F24715A4400A715FE /* Debug */,
				7B05E21024715A4400A715FE /* Release */,
			);
			defaultConfigurationIsVisible = 0;
			defaultConfigurationName = Release;
		};
		7B05E21124715A4400A715FE /* Build configuration list for PBXNativeTarget "ios" */ = {
			isa = XCConfigurationList;
			buildConfigurations = (
				7B05E21224715A4400A715FE /* Debug */,
				7B05E21324715A4400A715FE /* Release */,
			);
			defaultConfigurationIsVisible = 0;
			defaultConfigurationName = Release;
		};
		7B05E21424715A4400A715FE /* Build configuration list for PBXNativeTarget "iosTests" */ = {
			isa = XCConfigurationList;
			buildConfigurations = (
				7B05E21524715A4400A715FE /* Debug */,
				7B05E21624715A4400A715FE /* Release */,
			);
			defaultConfigurationIsVisible = 0;
			defaultConfigurationName = Release;
		};
/* End XCConfigurationList section */
	};
	rootObject = 7B05E1EA24715A4200A715FE /* Project object */;
}
